
Microsoft Visual Studio Solution File, Format Version 12.00
# Visual Studio Version 17
VisualStudioVersion = 17.6.33829.357
MinimumVisualStudioVersion = 10.0.40219.1
Project("{FAE04EC0-301F-11D3-BF4B-00C04F79EFBC}") = "CasgemObservable", "CasgemObservable\CasgemObservable.csproj", "{A395BDC5-E6A6-4BF7-AD4F-A9803F80EDA0}"
EndProject
Global
	GlobalSection(SolutionConfigurationPlatforms) = preSolution
		Debug|Any CPU = Debug|Any CPU
		Release|Any CPU = Release|Any CPU
	EndGlobalSection
	GlobalSection(ProjectConfigurationPlatforms) = postSolution
		{A395BDC5-E6A6-4BF7-AD4F-A9803F80EDA0}.Debug|Any CPU.ActiveCfg = Debug|Any CPU
		{A395BDC5-E6A6-4BF7-AD4F-A9803F80EDA0}.Debug|Any CPU.Build.0 = Debug|Any CPU
		{A395BDC5-E6A6-4BF7-AD4F-A9803F80EDA0}.Release|Any CPU.ActiveCfg = Release|Any CPU
		{A395BDC5-E6A6-4BF7-AD4F-A9803F80EDA0}.Release|Any CPU.Build.0 = Release|Any CPU
	EndGlobalSection
	GlobalSection(SolutionProperties) = preSolution
		HideSolutionNode = FALSE
	EndGlobalSection
	GlobalSection(ExtensibilityGlobals) = postSolution
		SolutionGuid = {317B6B7D-CA37-4F5B-BF98-C7293C090172}
	EndGlobalSection
EndGlobal
